{
  "name": "javascript",
  "version": "1.0.0",
  "lockfileVersion": 2,
  "requires": true,
  "packages": {
    "": {
      "version": "1.0.0",
      "license": "MIT",
      "dependencies": {
        "dns-packet": "^5.5.0",
        "hot-formula-parser": "^2.0.0",
        "jsrender": "^0.9.50",
        "lodash": "^4.17.19"
      }
    },
    "node_modules/@handsontable/formulajs": {
      "version": "1.2.3",
      "resolved": "https://registry.npmjs.org/@handsontable/formulajs/-/formulajs-1.2.3.tgz",
      "integrity": "sha512-jMyqkJoYoHQBnqvdbrenbmW1tOaDTG3wJnQ9lUWwC4vwELKIPRLEbYM0XI5Amvz3TBoLaksPLrWHc/avaFhpcQ==",
      "dependencies": {
        "bessel": "^0.2.0",
        "jStat": "^1.7.0",
        "numbro": "^1.11.0"
      },
      "bin": {
        "implementation-stats": "bin/implementation-stats"
      }
    },
    "node_modules/@leichtgewicht/ip-codec": {
      "version": "2.0.4",
      "resolved": "https://registry.npmjs.org/@leichtgewicht/ip-codec/-/ip-codec-2.0.4.tgz",
      "integrity": "sha512-Hcv+nVC0kZnQ3tD9GVu5xSMR4VVYOteQIr/hwFPVEvPdlXqgGEuRjiheChHgdM+JyqdgNcmzZOX/tnl0JOiI7A=="
    },
    "node_modules/bessel": {
      "version": "0.2.0",
      "resolved": "https://registry.npmjs.org/bessel/-/bessel-0.2.0.tgz",
      "integrity": "sha1-E8s5zSkjMhnsLacl4LoMZvtGtvI=",
      "dependencies": {
        "voc": ""
      }
    },
    "node_modules/core-util-is": {
      "version": "1.0.2",
      "resolved": "https://registry.npmjs.org/core-util-is/-/core-util-is-1.0.2.tgz",
      "integrity": "sha1-tf1UIgqivFq1eqtxQMlAdUUDwac="
    },
    "node_modules/dns-packet": {
      "version": "5.5.0",
      "resolved": "https://registry.npmjs.org/dns-packet/-/dns-packet-5.5.0.tgz",
      "integrity": "sha512-USawdAUzRkV6xrqTjiAEp6M9YagZEzWcSUaZTcIFAiyQWW1SoI6KyId8y2+/71wbgHKQAKd+iupLv4YvEwYWvA==",
      "dependencies": {
        "@leichtgewicht/ip-codec": "^2.0.1"
      },
      "engines": {
        "node": ">=6"
      }
    },
    "node_modules/hot-formula-parser": {
      "version": "2.3.3",
      "resolved": "https://registry.npmjs.org/hot-formula-parser/-/hot-formula-parser-2.3.3.tgz",
      "integrity": "sha512-VNNjeqqLIEFYtVgCLrAWKunO5ndKGr9s4p65fZSpOjyPebWBnOI85oDLztVZpdVbxHJ7IU5jNeysGqFlZ98krQ==",
      "dependencies": {
        "@handsontable/formulajs": "^1.2.3",
        "tiny-emitter": "^2.0.1"
      }
    },
    "node_modules/inherits": {
      "version": "2.0.4",
      "resolved": "https://registry.npmjs.org/inherits/-/inherits-2.0.4.tgz",
      "integrity": "sha512-k/vGaX4/Yla3WzyMCvTQOXYeIHvqOKtnqBduzTHpzpQZzAskKMhZ2K+EnBiSM9zGSoIFeMpXKxa4dYeZIQqewQ=="
    },
    "node_modules/isarray": {
      "version": "1.0.0",
      "resolved": "https://registry.npmjs.org/isarray/-/isarray-1.0.0.tgz",
      "integrity": "sha1-u5NdSFgsuhaMBoNJV6VKPgcSTxE="
    },
    "node_modules/jsrender": {
      "version": "0.9.91",
      "resolved": "https://registry.npmjs.org/jsrender/-/jsrender-0.9.91.tgz",
      "integrity": "sha512-HKovmG2EnRRz2II1y/KXuk3+4sbVNsXsGuDpl0i1WQJ2byWuR2ZtVuOsMoX2WQ32hTcDDACiwhjum4o5mYT7Eg==",
      "dependencies": {
        "through2": "^2.0.0"
      }
    },
    "node_modules/jStat": {
      "version": "1.8.6",
      "resolved": "https://registry.npmjs.org/jStat/-/jStat-1.8.6.tgz",
      "integrity": "sha512-Oh/ePZVSoFigme69pHTQudcGh64cpNH9Lz3hBZcRJWLrDqpw7JfuYU9F3dj9py3tBYmHz7og7ZT8hXTNbYq9Rw=="
    },
    "node_modules/lodash": {
      "version": "4.17.21",
      "resolved": "https://registry.npmjs.org/lodash/-/lodash-4.17.21.tgz",
      "integrity": "sha512-v2kDEe57lecTulaDIuNTPy3Ry4gLGJ6Z1O3vE1krgXZNrsQ+LFTGHVxVjcXPs17LhbZVGedAJv8XZ1tvj5FvSg=="
    },
    "node_modules/numbro": {
      "version": "1.11.1",
      "resolved": "https://registry.npmjs.org/numbro/-/numbro-1.11.1.tgz",
      "integrity": "sha512-qL0Etqbunz4RtPx4bNjMONe9HyUpgbrM4Sa3VpWY5oRdp9ry5DufAj6lCvnIcluRBA9QUacrllYc73QK0G6VAw==",
      "engines": {
        "node": "*"
      }
    },
    "node_modules/process-nextick-args": {
      "version": "2.0.1",
      "resolved": "https://registry.npmjs.org/process-nextick-args/-/process-nextick-args-2.0.1.tgz",
      "integrity": "sha512-3ouUOpQhtgrbOa17J7+uxOTpITYWaGP7/AhoR3+A+/1e9skrzelGi/dXzEYyvbxubEF6Wn2ypscTKiKJFFn1ag=="
    },
    "node_modules/readable-stream": {
      "version": "2.3.7",
      "resolved": "https://registry.npmjs.org/readable-stream/-/readable-stream-2.3.7.tgz",
      "integrity": "sha512-Ebho8K4jIbHAxnuxi7o42OrZgF/ZTNcsZj6nRKyUmkhLFq8CHItp/fy6hQZuZmP/n3yZ9VBUbp4zz/mX8hmYPw==",
      "dependencies": {
        "core-util-is": "~1.0.0",
        "inherits": "~2.0.3",
        "isarray": "~1.0.0",
        "process-nextick-args": "~2.0.0",
        "safe-buffer": "~5.1.1",
        "string_decoder": "~1.1.1",
        "util-deprecate": "~1.0.1"
      }
    },
    "node_modules/safe-buffer": {
      "version": "5.1.2",
      "resolved": "https://registry.npmjs.org/safe-buffer/-/safe-buffer-5.1.2.tgz",
      "integrity": "sha512-Gd2UZBJDkXlY7GbJxfsE8/nvKkUEU1G38c1siN6QP6a9PT9MmHB8GnpscSmMJSoF8LOIrt8ud/wPtojys4G6+g=="
    },
    "node_modules/string_decoder": {
      "version": "1.1.1",
      "resolved": "https://registry.npmjs.org/string_decoder/-/string_decoder-1.1.1.tgz",
      "integrity": "sha512-n/ShnvDi6FHbbVfviro+WojiFzv+s8MPMHBczVePfUpDJLwoLT0ht1l4YwBCbi8pJAveEEdnkHyPyTP/mzRfwg==",
      "dependencies": {
        "safe-buffer": "~5.1.0"
      }
    },
    "node_modules/through2": {
      "version": "2.0.5",
      "resolved": "https://registry.npmjs.org/through2/-/through2-2.0.5.tgz",
      "integrity": "sha512-/mrRod8xqpA+IHSLyGCQ2s8SPHiCDEeQJSep1jqLYeEUClOFG2Qsh+4FU6G9VeqpZnGW/Su8LQGc4YKni5rYSQ==",
      "dependencies": {
        "readable-stream": "~2.3.6",
        "xtend": "~4.0.1"
      }
    },
    "node_modules/tiny-emitter": {
      "version": "2.1.0",
      "resolved": "https://registry.npmjs.org/tiny-emitter/-/tiny-emitter-2.1.0.tgz",
      "integrity": "sha512-NB6Dk1A9xgQPMoGqC5CVXn123gWyte215ONT5Pp5a0yt4nlEoO1ZWeCwpncaekPHXO60i47ihFnZPiRPjRMq4Q=="
    },
    "node_modules/util-deprecate": {
      "version": "1.0.2",
      "resolved": "https://registry.npmjs.org/util-deprecate/-/util-deprecate-1.0.2.tgz",
      "integrity": "sha1-RQ1Nyfpw3nMnYvvS1KKJgUGaDM8="
    },
    "node_modules/voc": {
      "version": "1.2.0",
      "resolved": "https://registry.npmjs.org/voc/-/voc-1.2.0.tgz",
      "integrity": "sha512-BOuDjFFYvJdZO6e/N65AlaDItXo2TgyLjeyRYcqgAPkXpp5yTJcvkL2n+syO1r9Qc5g96tfBD2tuiMhYDmaGcA==",
      "bin": {
        "voc": "voc.njs"
      },
      "engines": {
        "node": ">=0.8"
      }
    },
    "node_modules/xtend": {
      "version": "4.0.2",
      "resolved": "https://registry.npmjs.org/xtend/-/xtend-4.0.2.tgz",
      "integrity": "sha512-LKYU1iAXJXUgAXn9URjiu+MWhyUXHsvfp7mcuYm9dSUKK0/CjtrUwFAxD82/mCWbtLsGjFIad0wIsod4zrTAEQ==",
      "engines": {
        "node": ">=0.4"
      }
    }
  },
  "dependencies": {
    "@handsontable/formulajs": {
      "version": "1.2.3",
      "resolved": "https://registry.npmjs.org/@handsontable/formulajs/-/formulajs-1.2.3.tgz",
      "integrity": "sha512-jMyqkJoYoHQBnqvdbrenbmW1tOaDTG3wJnQ9lUWwC4vwELKIPRLEbYM0XI5Amvz3TBoLaksPLrWHc/avaFhpcQ==",
      "requires": {
        "bessel": "^0.2.0",
        "jStat": "^1.7.0",
        "numbro": "^1.11.0"
      }
    },
    "@leichtgewicht/ip-codec": {
      "version": "2.0.4",
      "resolved": "https://registry.npmjs.org/@leichtgewicht/ip-codec/-/ip-codec-2.0.4.tgz",
      "integrity": "sha512-Hcv+nVC0kZnQ3tD9GVu5xSMR4VVYOteQIr/hwFPVEvPdlXqgGEuRjiheChHgdM+JyqdgNcmzZOX/tnl0JOiI7A=="
    },
    "bessel": {
      "version": "0.2.0",
      "resolved": "https://registry.npmjs.org/bessel/-/bessel-0.2.0.tgz",
      "integrity": "sha1-E8s5zSkjMhnsLacl4LoMZvtGtvI=",
      "requires": {
        "voc": ""
      }
    },
    "core-util-is": {
      "version": "1.0.2",
      "resolved": "https://registry.npmjs.org/core-util-is/-/core-util-is-1.0.2.tgz",
      "integrity": "sha1-tf1UIgqivFq1eqtxQMlAdUUDwac="
    },
    "dns-packet": {
      "version": "5.5.0",
      "resolved": "https://registry.npmjs.org/dns-packet/-/dns-packet-5.5.0.tgz",
      "integrity": "sha512-USawdAUzRkV6xrqTjiAEp6M9YagZEzWcSUaZTcIFAiyQWW1SoI6KyId8y2+/71wbgHKQAKd+iupLv4YvEwYWvA==",
      "requires": {
        "@leichtgewicht/ip-codec": "^2.0.1"
      }
    },
    "hot-formula-parser": {
      "version": "2.3.3",
      "resolved": "https://registry.npmjs.org/hot-formula-parser/-/hot-formula-parser-2.3.3.tgz",
      "integrity": "sha512-VNNjeqqLIEFYtVgCLrAWKunO5ndKGr9s4p65fZSpOjyPebWBnOI85oDLztVZpdVbxHJ7IU5jNeysGqFlZ98krQ==",
      "requires": {
        "@handsontable/formulajs": "^1.2.3",
        "tiny-emitter": "^2.0.1"
      }
    },
    "inherits": {
      "version": "2.0.4",
      "resolved": "https://registry.npmjs.org/inherits/-/inherits-2.0.4.tgz",
      "integrity": "sha512-k/vGaX4/Yla3WzyMCvTQOXYeIHvqOKtnqBduzTHpzpQZzAskKMhZ2K+EnBiSM9zGSoIFeMpXKxa4dYeZIQqewQ=="
    },
    "isarray": {
      "version": "1.0.0",
      "resolved": "https://registry.npmjs.org/isarray/-/isarray-1.0.0.tgz",
      "integrity": "sha1-u5NdSFgsuhaMBoNJV6VKPgcSTxE="
    },
    "jsrender": {
      "version": "0.9.91",
      "resolved": "https://registry.npmjs.org/jsrender/-/jsrender-0.9.91.tgz",
      "integrity": "sha512-HKovmG2EnRRz2II1y/KXuk3+4sbVNsXsGuDpl0i1WQJ2byWuR2ZtVuOsMoX2WQ32hTcDDACiwhjum4o5mYT7Eg==",
      "requires": {
        "through2": "^2.0.0"
      }
    },
    "jStat": {
      "version": "1.8.6",
      "resolved": "https://registry.npmjs.org/jStat/-/jStat-1.8.6.tgz",
      "integrity": "sha512-Oh/ePZVSoFigme69pHTQudcGh64cpNH9Lz3hBZcRJWLrDqpw7JfuYU9F3dj9py3tBYmHz7og7ZT8hXTNbYq9Rw=="
    },
    "lodash": {
      "version": "4.17.21",
      "resolved": "https://registry.npmjs.org/lodash/-/lodash-4.17.21.tgz",
      "integrity": "sha512-v2kDEe57lecTulaDIuNTPy3Ry4gLGJ6Z1O3vE1krgXZNrsQ+LFTGHVxVjcXPs17LhbZVGedAJv8XZ1tvj5FvSg=="
    },
    "numbro": {
      "version": "1.11.1",
      "resolved": "https://registry.npmjs.org/numbro/-/numbro-1.11.1.tgz",
      "integrity": "sha512-qL0Etqbunz4RtPx4bNjMONe9HyUpgbrM4Sa3VpWY5oRdp9ry5DufAj6lCvnIcluRBA9QUacrllYc73QK0G6VAw=="
    },
    "process-nextick-args": {
      "version": "2.0.1",
      "resolved": "https://registry.npmjs.org/process-nextick-args/-/process-nextick-args-2.0.1.tgz",
      "integrity": "sha512-3ouUOpQhtgrbOa17J7+uxOTpITYWaGP7/AhoR3+A+/1e9skrzelGi/dXzEYyvbxubEF6Wn2ypscTKiKJFFn1ag=="
    },
    "readable-stream": {
      "version": "2.3.7",
      "resolved": "https://registry.npmjs.org/readable-stream/-/readable-stream-2.3.7.tgz",
      "integrity": "sha512-Ebho8K4jIbHAxnuxi7o42OrZgF/ZTNcsZj6nRKyUmkhLFq8CHItp/fy6hQZuZmP/n3yZ9VBUbp4zz/mX8hmYPw==",
      "requires": {
        "core-util-is": "~1.0.0",
        "inherits": "~2.0.3",
        "isarray": "~1.0.0",
        "process-nextick-args": "~2.0.0",
        "safe-buffer": "~5.1.1",
        "string_decoder": "~1.1.1",
        "util-deprecate": "~1.0.1"
      }
    },
    "safe-buffer": {
      "version": "5.1.2",
      "resolved": "https://registry.npmjs.org/safe-buffer/-/safe-buffer-5.1.2.tgz",
      "integrity": "sha512-Gd2UZBJDkXlY7GbJxfsE8/nvKkUEU1G38c1siN6QP6a9PT9MmHB8GnpscSmMJSoF8LOIrt8ud/wPtojys4G6+g=="
    },
    "string_decoder": {
      "version": "1.1.1",
      "resolved": "https://registry.npmjs.org/string_decoder/-/string_decoder-1.1.1.tgz",
      "integrity": "sha512-n/ShnvDi6FHbbVfviro+WojiFzv+s8MPMHBczVePfUpDJLwoLT0ht1l4YwBCbi8pJAveEEdnkHyPyTP/mzRfwg==",
      "requires": {
        "safe-buffer": "~5.1.0"
      }
    },
    "through2": {
      "version": "2.0.5",
      "resolved": "https://registry.npmjs.org/through2/-/through2-2.0.5.tgz",
      "integrity": "sha512-/mrRod8xqpA+IHSLyGCQ2s8SPHiCDEeQJSep1jqLYeEUClOFG2Qsh+4FU6G9VeqpZnGW/Su8LQGc4YKni5rYSQ==",
      "requires": {
        "readable-stream": "~2.3.6",
        "xtend": "~4.0.1"
      }
    },
    "tiny-emitter": {
      "version": "2.1.0",
      "resolved": "https://registry.npmjs.org/tiny-emitter/-/tiny-emitter-2.1.0.tgz",
      "integrity": "sha512-NB6Dk1A9xgQPMoGqC5CVXn123gWyte215ONT5Pp5a0yt4nlEoO1ZWeCwpncaekPHXO60i47ihFnZPiRPjRMq4Q=="
    },
    "util-deprecate": {
      "version": "1.0.2",
      "resolved": "https://registry.npmjs.org/util-deprecate/-/util-deprecate-1.0.2.tgz",
      "integrity": "sha1-RQ1Nyfpw3nMnYvvS1KKJgUGaDM8="
    },
    "voc": {
      "version": "1.2.0",
      "resolved": "https://registry.npmjs.org/voc/-/voc-1.2.0.tgz",
      "integrity": "sha512-BOuDjFFYvJdZO6e/N65AlaDItXo2TgyLjeyRYcqgAPkXpp5yTJcvkL2n+syO1r9Qc5g96tfBD2tuiMhYDmaGcA=="
    },
    "xtend": {
      "version": "4.0.2",
      "resolved": "https://registry.npmjs.org/xtend/-/xtend-4.0.2.tgz",
      "integrity": "sha512-LKYU1iAXJXUgAXn9URjiu+MWhyUXHsvfp7mcuYm9dSUKK0/CjtrUwFAxD82/mCWbtLsGjFIad0wIsod4zrTAEQ=="
    }
  }
}
