# THIS IS AN AUTOGENERATED FILE. DO NOT EDIT THIS FILE DIRECTLY.
# yarn lockfile v1


"@handsontable/formulajs@^2.0.2":
  version "2.0.2"
  resolved "https://registry.yarnpkg.com/@handsontable/formulajs/-/formulajs-2.0.2.tgz#5be4b9226cc47811f646ae46b1b985230cd82995"
  dependencies:
    bessel "^1.0.2"
    jstat "^1.9.2"

async@~0.7.0:
  version "0.7.0"
  resolved "https://registry.npmjs.org/async/-/async-0.7.0.tgz"

bessel@^1.0.2:
  version "1.0.2"
  resolved "https://registry.npmjs.org/bessel/-/bessel-1.0.2.tgz"

camel-case@^0.1.0:
  version "0.1.0"
  resolved "https://registry.npmjs.org/camel-case/-/camel-case-0.1.0.tgz"
  dependencies:
    sentence-case "^0.1.1"

"coffee-script@>= 1.5.0":
  version "1.12.7"
  resolved "https://registry.npmjs.org/coffee-script/-/coffee-script-1.12.7.tgz"

colors@~0.6.2:
  version "0.6.2"
  resolved "https://registry.npmjs.org/colors/-/colors-0.6.2.tgz"

ect@~0.5.0:
  version "0.5.9"
  resolved "https://registry.npmjs.org/ect/-/ect-0.5.9.tgz"
  dependencies:
    coffee-script ">= 1.5.0"
    optimist "0.4.0"

hot-formula-parser@^4.0.0:
  version "4.0.0"
  resolved "https://registry.yarnpkg.com/hot-formula-parser/-/hot-formula-parser-4.0.0.tgz#b406bdc7ed30d855b7bcbe01d9dc2ee954c28e56"
  dependencies:
    "@handsontable/formulajs" "^2.0.2"
    tiny-emitter "^2.1.0"

jackson@^0.1.4:
  version "0.1.4"
  resolved "https://registry.npmjs.org/jackson/-/jackson-0.1.4.tgz"
  dependencies:
    async "~0.7.0"
    colors "~0.6.2"
    ect "~0.5.0"
    minimist "~0.0.6"
    open "~0.0.5"
    param-case "~0.1.0"
    pascal-case "~0.1.1"
    snake-case "~0.1.1"
    url-pattern "~0.5.0"

jstat@^1.9.2:
  version "1.9.3"
  resolved "https://registry.npmjs.org/jstat/-/jstat-1.9.3.tgz"

lodash@^4.17.20:
  version "4.17.20"
  resolved "https://registry.npmjs.org/lodash/-/lodash-4.17.20.tgz"

minimist@~0.0.6:
  version "0.0.10"
  resolved "https://registry.npmjs.org/minimist/-/minimist-0.0.10.tgz"

open@~0.0.5:
  version "0.0.5"
  resolved "https://registry.npmjs.org/open/-/open-0.0.5.tgz"

optimist@0.4.0:
  version "0.4.0"
  resolved "https://registry.npmjs.org/optimist/-/optimist-0.4.0.tgz"
  dependencies:
    wordwrap "~0.0.2"

param-case@~0.1.0:
  version "0.1.0"
  resolved "https://registry.npmjs.org/param-case/-/param-case-0.1.0.tgz"
  dependencies:
    sentence-case "^0.1.1"

pascal-case@~0.1.1:
  version "0.1.1"
  resolved "https://registry.npmjs.org/pascal-case/-/pascal-case-0.1.1.tgz"
  dependencies:
    camel-case "^0.1.0"
    upper-case-first "0.0.1"

sentence-case@^0.1.1:
  version "0.1.2"
  resolved "https://registry.npmjs.org/sentence-case/-/sentence-case-0.1.2.tgz"

snake-case@~0.1.1:
  version "0.1.1"
  resolved "https://registry.npmjs.org/snake-case/-/snake-case-0.1.1.tgz"
  dependencies:
    sentence-case "^0.1.1"

tiny-emitter@^2.1.0:
  version "2.1.0"
  resolved "https://registry.yarnpkg.com/tiny-emitter/-/tiny-emitter-2.1.0.tgz#1d1a56edfc51c43e863cbb5382a72330e3555423"

upper-case-first@0.0.1:
  version "0.0.1"
  resolved "https://registry.npmjs.org/upper-case-first/-/upper-case-first-0.0.1.tgz"

url-pattern@~0.5.0:
  version "0.5.0"
  resolved "https://registry.npmjs.org/url-pattern/-/url-pattern-0.5.0.tgz"

wordwrap@~0.0.2:
  version "0.0.3"
  resolved "https://registry.npmjs.org/wordwrap/-/wordwrap-0.0.3.tgz"
